
Microsoft Visual Studio Solution File, Format Version 12.00
# Visual Studio 2013
VisualStudioVersion = 12.0.30110.0
MinimumVisualStudioVersion = 10.0.40219.1
Project("{FAE04EC0-301F-11D3-BF4B-00C04F79EFBC}") = "ConfigJson.NET", "ConfigJson\ConfigJson.NET.csproj", "{118A8D2B-15F2-429A-9362-E69405DD2201}"
EndProject
Project("{FAE04EC0-301F-11D3-BF4B-00C04F79EFBC}") = "ConfigJson.NET.Test", "ConfigJson.NET.Test\ConfigJson.NET.Test.csproj", "{D247875E-A11E-47C4-8C58-ABAA5B47217B}"
EndProject
Global
	GlobalSection(SolutionConfigurationPlatforms) = preSolution
		Debug|Any CPU = Debug|Any CPU
		Release|Any CPU = Release|Any CPU
	EndGlobalSection
	GlobalSection(ProjectConfigurationPlatforms) = postSolution
		{118A8D2B-15F2-429A-9362-E69405DD2201}.Debug|Any CPU.ActiveCfg = Debug|Any CPU
		{118A8D2B-15F2-429A-9362-E69405DD2201}.Debug|Any CPU.Build.0 = Debug|Any CPU
		{118A8D2B-15F2-429A-9362-E69405DD2201}.Release|Any CPU.ActiveCfg = Release|Any CPU
		{118A8D2B-15F2-429A-9362-E69405DD2201}.Release|Any CPU.Build.0 = Release|Any CPU
		{D247875E-A11E-47C4-8C58-ABAA5B47217B}.Debug|Any CPU.ActiveCfg = Debug|Any CPU
		{D247875E-A11E-47C4-8C58-ABAA5B47217B}.Debug|Any CPU.Build.0 = Debug|Any CPU
		{D247875E-A11E-47C4-8C58-ABAA5B47217B}.Release|Any CPU.ActiveCfg = Release|Any CPU
		{D247875E-A11E-47C4-8C58-ABAA5B47217B}.Release|Any CPU.Build.0 = Release|Any CPU
	EndGlobalSection
	GlobalSection(SolutionProperties) = preSolution
		HideSolutionNode = FALSE
	EndGlobalSection
EndGlobal
